
Microsoft Visual Studio Solution File, Format Version 12.00
# Visual Studio Version 17
VisualStudioVersion = 17.8.34408.163
MinimumVisualStudioVersion = 10.0.40219.1
Project("{FAE04EC0-301F-11D3-BF4B-00C04F79EFBC}") = "ConsoleApp3", "ConsoleApp3.csproj", "{386DE99F-38F0-4789-9FFC-0E87E8F5E357}"
EndProject
Global
	GlobalSection(SolutionConfigurationPlatforms) = preSolution
		Debug|Any CPU = Debug|Any CPU
		Release|Any CPU = Release|Any CPU
	EndGlobalSection
	GlobalSection(ProjectConfigurationPlatforms) = postSolution
		{386DE99F-38F0-4789-9FFC-0E87E8F5E357}.Debug|Any CPU.ActiveCfg = Debug|Any CPU
		{386DE99F-38F0-4789-9FFC-0E87E8F5E357}.Debug|Any CPU.Build.0 = Debug|Any CPU
		{386DE99F-38F0-4789-9FFC-0E87E8F5E357}.Release|Any CPU.ActiveCfg = Release|Any CPU
		{386DE99F-38F0-4789-9FFC-0E87E8F5E357}.Release|Any CPU.Build.0 = Release|Any CPU
	EndGlobalSection
	GlobalSection(SolutionProperties) = preSolution
		HideSolutionNode = FALSE
	EndGlobalSection
	GlobalSection(ExtensibilityGlobals) = postSolution
		SolutionGuid = {8D91126A-FD0E-41FA-8DFD-81D725AEA381}
	EndGlobalSection
EndGlobal
